{
  "name": "fbengine",
  "version": "1.0.0",
  "lockfileVersion": 1,
  "requires": true,
  "dependencies": {
    "@pixi/filter-adjustment": {
      "version": "2.5.0",
      "resolved": "https://registry.npmjs.org/@pixi/filter-adjustment/-/filter-adjustment-2.5.0.tgz",
      "integrity": "sha1-VBrm9g/nTEPNbXS3g0fZfaShwgo="
    },
    "@pixi/filter-advanced-bloom": {
      "version": "2.5.0",
      "resolved": "https://registry.npmjs.org/@pixi/filter-advanced-bloom/-/filter-advanced-bloom-2.5.0.tgz",
      "integrity": "sha1-cyrLGFR6dXahrRarjO4JfKRmlOk=",
      "requires": {
        "@pixi/filter-kawase-blur": "2.5.0"
      }
    },
    "@pixi/filter-ascii": {
      "version": "2.5.0",
      "resolved": "https://registry.npmjs.org/@pixi/filter-ascii/-/filter-ascii-2.5.0.tgz",
      "integrity": "sha1-Yu8yTGhBJYTm5SmoPDdsKFX7r2c="
    },
    "@pixi/filter-bloom": {
      "version": "2.5.0",
      "resolved": "https://registry.npmjs.org/@pixi/filter-bloom/-/filter-bloom-2.5.0.tgz",
      "integrity": "sha1-SkIFnDC+76SDwN7H7zYUsrPFjAU="
    },
    "@pixi/filter-bulge-pinch": {
      "version": "2.5.0",
      "resolved": "https://registry.npmjs.org/@pixi/filter-bulge-pinch/-/filter-bulge-pinch-2.5.0.tgz",
      "integrity": "sha1-9TvxiwzJZ7AxbgRWtyiOF7YQ0PM="
    },
    "@pixi/filter-color-replace": {
      "version": "2.5.0",
      "resolved": "https://registry.npmjs.org/@pixi/filter-color-replace/-/filter-color-replace-2.5.0.tgz",
      "integrity": "sha1-UEt6vsS3drEiTYjOLvdAEd2UUA8="
    },
    "@pixi/filter-convolution": {
      "version": "2.5.0",
      "resolved": "https://registry.npmjs.org/@pixi/filter-convolution/-/filter-convolution-2.5.0.tgz",
      "integrity": "sha1-7nUuDmT7KeJuwxtbFAQxRTlRrEc="
    },
    "@pixi/filter-cross-hatch": {
      "version": "2.5.0",
      "resolved": "https://registry.npmjs.org/@pixi/filter-cross-hatch/-/filter-cross-hatch-2.5.0.tgz",
      "integrity": "sha1-1y6dPrRK6mTmKfuHGCGWeexn0Bc="
    },
    "@pixi/filter-crt": {
      "version": "2.5.0",
      "resolved": "https://registry.npmjs.org/@pixi/filter-crt/-/filter-crt-2.5.0.tgz",
      "integrity": "sha1-f0RffDHNTbedkBOt3nnsaLArloo="
    },
    "@pixi/filter-dot": {
      "version": "2.5.0",
      "resolved": "https://registry.npmjs.org/@pixi/filter-dot/-/filter-dot-2.5.0.tgz",
      "integrity": "sha1-JdrRhGYutTehjKOOzwA9l92ZnXU="
    },
    "@pixi/filter-drop-shadow": {
      "version": "2.5.0",
      "resolved": "https://registry.npmjs.org/@pixi/filter-drop-shadow/-/filter-drop-shadow-2.5.0.tgz",
      "integrity": "sha1-SuXu1NtcJgWQoj0ZfWviZUIYOd0="
    },
    "@pixi/filter-emboss": {
      "version": "2.5.0",
      "resolved": "https://registry.npmjs.org/@pixi/filter-emboss/-/filter-emboss-2.5.0.tgz",
      "integrity": "sha1-PZfMT7WZHXaZ/+SnghbfjC41MHk="
    },
    "@pixi/filter-glitch": {
      "version": "2.5.0",
      "resolved": "https://registry.npmjs.org/@pixi/filter-glitch/-/filter-glitch-2.5.0.tgz",
      "integrity": "sha1-Mcxy4MDtwOWd9Gya5bonbxR2eOs="
    },
    "@pixi/filter-glow": {
      "version": "2.5.0",
      "resolved": "https://registry.npmjs.org/@pixi/filter-glow/-/filter-glow-2.5.0.tgz",
      "integrity": "sha1-RL1GLMv+vit5Mikd3b7nzhTLYsA="
    },
    "@pixi/filter-godray": {
      "version": "2.5.0",
      "resolved": "https://registry.npmjs.org/@pixi/filter-godray/-/filter-godray-2.5.0.tgz",
      "integrity": "sha1-V6SXmu9Nwzo8nQVWI90W+hNLl0A="
    },
    "@pixi/filter-kawase-blur": {
      "version": "2.5.0",
      "resolved": "https://registry.npmjs.org/@pixi/filter-kawase-blur/-/filter-kawase-blur-2.5.0.tgz",
      "integrity": "sha1-0kCW0evklpurgMa9OJNddVr3VZE="
    },
    "@pixi/filter-motion-blur": {
      "version": "2.5.0",
      "resolved": "https://registry.npmjs.org/@pixi/filter-motion-blur/-/filter-motion-blur-2.5.0.tgz",
      "integrity": "sha1-GAcJ0hg34LIiWqF+8Cz3ub2BnM4="
    },
    "@pixi/filter-multi-color-replace": {
      "version": "2.5.0",
      "resolved": "https://registry.npmjs.org/@pixi/filter-multi-color-replace/-/filter-multi-color-replace-2.5.0.tgz",
      "integrity": "sha1-MINN38mEzsdFMDTqUSF6ORuWz2A="
    },
    "@pixi/filter-old-film": {
      "version": "2.5.0",
      "resolved": "https://registry.npmjs.org/@pixi/filter-old-film/-/filter-old-film-2.5.0.tgz",
      "integrity": "sha1-/mvEtPgv7K/cYa93+4g7yfIfLA4="
    },
    "@pixi/filter-outline": {
      "version": "2.5.0",
      "resolved": "https://registry.npmjs.org/@pixi/filter-outline/-/filter-outline-2.5.0.tgz",
      "integrity": "sha1-yQXiP9XWp/JniE/YX7819/gd5SI="
    },
    "@pixi/filter-pixelate": {
      "version": "2.5.0",
      "resolved": "https://registry.npmjs.org/@pixi/filter-pixelate/-/filter-pixelate-2.5.0.tgz",
      "integrity": "sha1-B66z8ApI2cSnyyKIYNYyLXfbS8M="
    },
    "@pixi/filter-radial-blur": {
      "version": "2.5.0",
      "resolved": "https://registry.npmjs.org/@pixi/filter-radial-blur/-/filter-radial-blur-2.5.0.tgz",
      "integrity": "sha1-g3TJRFqXtfgIZHb+tAlQaBE0jJ0="
    },
    "@pixi/filter-reflection": {
      "version": "2.5.0",
      "resolved": "https://registry.npmjs.org/@pixi/filter-reflection/-/filter-reflection-2.5.0.tgz",
      "integrity": "sha1-PpA0K6QDEdooj7d/YWdBC1c+XCE="
    },
    "@pixi/filter-rgb-split": {
      "version": "2.5.0",
      "resolved": "https://registry.npmjs.org/@pixi/filter-rgb-split/-/filter-rgb-split-2.5.0.tgz",
      "integrity": "sha1-STcE+o0GGnB3K2o49g3/axwntVQ="
    },
    "@pixi/filter-shockwave": {
      "version": "2.5.0",
      "resolved": "https://registry.npmjs.org/@pixi/filter-shockwave/-/filter-shockwave-2.5.0.tgz",
      "integrity": "sha1-hS+EXg1J7bXYtUC03eSZyiB4IxY="
    },
    "@pixi/filter-simple-lightmap": {
      "version": "2.5.0",
      "resolved": "https://registry.npmjs.org/@pixi/filter-simple-lightmap/-/filter-simple-lightmap-2.5.0.tgz",
      "integrity": "sha1-CerLiQfFtbgd3zi6LpwniE5pfRU="
    },
    "@pixi/filter-tilt-shift": {
      "version": "2.5.0",
      "resolved": "https://registry.npmjs.org/@pixi/filter-tilt-shift/-/filter-tilt-shift-2.5.0.tgz",
      "integrity": "sha1-CE7m/lM31rAk1YOuCn1xlJLIPB8="
    },
    "@pixi/filter-twist": {
      "version": "2.5.0",
      "resolved": "https://registry.npmjs.org/@pixi/filter-twist/-/filter-twist-2.5.0.tgz",
      "integrity": "sha1-qPFlZ+m8Lx0wJqbrwxZ+JCIePyg="
    },
    "@pixi/filter-zoom-blur": {
      "version": "2.5.1",
      "resolved": "https://registry.npmjs.org/@pixi/filter-zoom-blur/-/filter-zoom-blur-2.5.1.tgz",
      "integrity": "sha1-LYzuHvmm56MtoO8feQ8leVQt7Rg="
    },
    "pixi-filters": {
      "version": "2.5.1",
      "resolved": "https://registry.npmjs.org/pixi-filters/-/pixi-filters-2.5.1.tgz",
      "integrity": "sha1-3SD9q2obbxmtTfGxpaU02xsBRmY=",
      "requires": {
        "@pixi/filter-adjustment": "2.5.0",
        "@pixi/filter-advanced-bloom": "2.5.0",
        "@pixi/filter-ascii": "2.5.0",
        "@pixi/filter-bloom": "2.5.0",
        "@pixi/filter-bulge-pinch": "2.5.0",
        "@pixi/filter-color-replace": "2.5.0",
        "@pixi/filter-convolution": "2.5.0",
        "@pixi/filter-cross-hatch": "2.5.0",
        "@pixi/filter-crt": "2.5.0",
        "@pixi/filter-dot": "2.5.0",
        "@pixi/filter-drop-shadow": "2.5.0",
        "@pixi/filter-emboss": "2.5.0",
        "@pixi/filter-glitch": "2.5.0",
        "@pixi/filter-glow": "2.5.0",
        "@pixi/filter-godray": "2.5.0",
        "@pixi/filter-kawase-blur": "2.5.0",
        "@pixi/filter-motion-blur": "2.5.0",
        "@pixi/filter-multi-color-replace": "2.5.0",
        "@pixi/filter-old-film": "2.5.0",
        "@pixi/filter-outline": "2.5.0",
        "@pixi/filter-pixelate": "2.5.0",
        "@pixi/filter-radial-blur": "2.5.0",
        "@pixi/filter-reflection": "2.5.0",
        "@pixi/filter-rgb-split": "2.5.0",
        "@pixi/filter-shockwave": "2.5.0",
        "@pixi/filter-simple-lightmap": "2.5.0",
        "@pixi/filter-tilt-shift": "2.5.0",
        "@pixi/filter-twist": "2.5.0",
        "@pixi/filter-zoom-blur": "2.5.1"
      }
    }
  }
}
